# This file is autogenerated, do not edit; changes may be undone by the next 'dep ensure'.


[[projects]]
  name = "github.com/Shopify/sarama"
  packages = ["."]
  revision = "35324cf48e33d8260e1c7c18854465a904ade249"
  version = "v1.17.0"

[[projects]]
  name = "github.com/allegro/bigcache"
  packages = [
    ".",
    "queue"
  ]
  revision = "f31987a23e44c5121ef8c8b2f2ea2e8ffa37b068"
  version = "v1.1.0"

[[projects]]
  name = "github.com/apache/thrift"
  packages = ["lib/go/thrift"]
  revision = "e59b73d3c2bf1c328ccb78e683c0462fa1a473c7"

[[projects]]
  branch = "master"
  name = "github.com/beorn7/perks"
  packages = ["quantile"]
  revision = "3a771d992973f24aa725d07868b467d1ddfceafb"

[[projects]]
  branch = "master"
  name = "github.com/coredns/coredns"
  packages = [
    "core/dnsserver",
    "coremain",
    "pb",
    "plugin",
    "plugin/bind",
    "plugin/cache",
    "plugin/cache/freq",
    "plugin/chaos",
    "plugin/debug",
    "plugin/dnstap",
    "plugin/dnstap/dnstapio",
    "plugin/dnstap/msg",
    "plugin/dnstap/taprw",
    "plugin/dnstap/test",
    "plugin/erratic",
    "plugin/errors",
    "plugin/etcd/msg",
    "plugin/file",
    "plugin/file/tree",
    "plugin/forward",
    "plugin/health",
    "plugin/log",
    "plugin/metadata",
    "plugin/metrics",
    "plugin/metrics/vars",
    "plugin/pkg/cache",
    "plugin/pkg/dnstest",
    "plugin/pkg/dnsutil",
    "plugin/pkg/doh",
    "plugin/pkg/edns",
    "plugin/pkg/fuzz",
    "plugin/pkg/healthcheck",
    "plugin/pkg/log",
    "plugin/pkg/nonwriter",
    "plugin/pkg/parse",
    "plugin/pkg/rcode",
    "plugin/pkg/replacer",
    "plugin/pkg/response",
    "plugin/pkg/tls",
    "plugin/pkg/trace",
    "plugin/pkg/uniq",
    "plugin/pkg/up",
    "plugin/pkg/upstream",
    "plugin/pkg/watch",
    "plugin/pprof",
    "plugin/proxy",
    "plugin/rewrite",
    "plugin/test",
    "plugin/tls",
    "plugin/whoami",
    "request"
  ]
  revision = "2b4878195c58a37df1e491cfb581523e6d4aa058"

[[projects]]
  name = "github.com/davecgh/go-spew"
  packages = ["spew"]
  revision = "346938d642f2ec3594ed81d874461961cd0faa76"
  version = "v1.1.0"

[[projects]]
  branch = "master"
  name = "github.com/dnstap/golang-dnstap"
  packages = ["."]
  revision = "2cf77a2b5e11ac8d0ba3892772ac8e1f7b528344"

[[projects]]
  name = "github.com/eapache/go-resiliency"
  packages = ["breaker"]
  revision = "ea41b0fad31007accc7f806884dcdf3da98b79ce"
  version = "v1.1.0"

[[projects]]
  branch = "master"
  name = "github.com/eapache/go-xerial-snappy"
  packages = ["."]
  revision = "040cc1a32f578808623071247fdbd5cc43f37f5f"

[[projects]]
  name = "github.com/eapache/queue"
  packages = ["."]
  revision = "44cc805cf13205b55f69e14bcb69867d1ae92f98"
  version = "v1.1.0"

[[projects]]
  branch = "master"
  name = "github.com/farsightsec/golang-framestream"
  packages = ["."]
  revision = "c06a5734334d9629b3db143d74b47eb94ea68612"

[[projects]]
  name = "github.com/go-logfmt/logfmt"
  packages = ["."]
  revision = "390ab7935ee28ec6b286364bba9b4dd6410cb3d5"
  version = "v0.3.0"

[[projects]]
  name = "github.com/gogo/protobuf"
  packages = ["proto"]
  revision = "636bf0302bc95575d69441b25a2603156ffdddf1"
  version = "v1.1.1"

[[projects]]
  name = "github.com/golang/protobuf"
  packages = [
    "proto",
    "ptypes",
    "ptypes/any",
    "ptypes/duration",
    "ptypes/timestamp"
  ]
  revision = "b4deda0973fb4c70b50d226b1af49f3da59f5265"
  version = "v1.1.0"

[[projects]]
  branch = "master"
  name = "github.com/golang/snappy"
  packages = ["."]
  revision = "2e65f85255dbc3072edf28d6b5b8efc472979f5a"

[[projects]]
  name = "github.com/google/uuid"
  packages = ["."]
  revision = "064e2069ce9c359c118179501254f67d7d37ba24"
  version = "0.2"

[[projects]]
  branch = "master"
  name = "github.com/grpc-ecosystem/grpc-opentracing"
  packages = ["go/otgrpc"]
  revision = "8e809c8a86450a29b90dcc9efbf062d0fe6d9746"

[[projects]]
  branch = "master"
  name = "github.com/infobloxopen/go-trees"
  packages = [
    "dltree",
    "domain",
    "domaintree",
    "iptree",
    "numtree",
    "strtree",
    "uintX/domaintree16",
    "uintX/domaintree32",
    "uintX/domaintree64",
    "uintX/domaintree8",
    "uintX/iptree16",
    "uintX/iptree32",
    "uintX/iptree64",
    "uintX/iptree8",
    "uintX/strtree16",
    "uintX/strtree32",
    "uintX/strtree64",
    "uintX/strtree8"
  ]
  revision = "a1e500cde93cdca91ae6c7366e0cb9f477c63603"

[[projects]]
  branch = "master"
  name = "github.com/infobloxopen/themis"
  packages = [
    "contrib/coredns/policy/dnstap",
    "jparser",
    "pdp",
    "pdp-control",
    "pdp-service",
    "pdp/ast",
    "pdp/ast/jast",
    "pdp/ast/yast",
    "pdp/jcon",
    "pdp/selector",
    "pdp/selector/local",
    "pdpserver/server",
    "pep"
  ]
  revision = "515f1dfb0748084c35e241b1f4bc411033f41e32"

[[projects]]
  branch = "master"
  name = "github.com/kr/logfmt"
  packages = ["."]
  revision = "b84e30acd515aadc4b783ad4ff83aff3299bdfe0"

[[projects]]
  name = "github.com/matttproud/golang_protobuf_extensions"
  packages = ["pbutil"]
  revision = "c12348ce28de40eed0136aa2b644d0ee0650e56c"
  version = "v1.0.1"

[[projects]]
  branch = "master"
  name = "github.com/opentracing-contrib/go-observer"
  packages = ["."]
  revision = "a52f2342449246d5bcc273e65cbdcfa5f7d6c63c"

[[projects]]
  name = "github.com/opentracing/opentracing-go"
  packages = [
    ".",
    "ext",
    "log"
  ]
  revision = "1949ddbfd147afd4d964a9f00b24eb291e0e7c38"
  version = "v1.0.2"

[[projects]]
  name = "github.com/openzipkin/zipkin-go-opentracing"
  packages = [
    ".",
    "flag",
    "thrift/gen-go/scribe",
    "thrift/gen-go/zipkincore",
    "types",
    "wire"
  ]
  revision = "26cf9707480e6b90e5eff22cf0bbf05319154232"
  version = "v0.3.4"

[[projects]]
  name = "github.com/pierrec/lz4"
  packages = [
    ".",
    "internal/xxh32"
  ]
  revision = "1958fd8fff7f115e79725b1288e0b878b3e06b00"
  version = "v2.0.3"

[[projects]]
  name = "github.com/pmezard/go-difflib"
  packages = ["difflib"]
  revision = "792786c7400a136282c1664665ae0a8db921c6c2"
  version = "v1.0.0"

[[projects]]
  name = "github.com/prometheus/client_golang"
  packages = [
    "prometheus",
    "prometheus/promhttp"
  ]
  revision = "c5b7fccd204277076155f10851dad72b76a49317"
  version = "v0.8.0"

[[projects]]
  branch = "master"
  name = "github.com/prometheus/client_model"
  packages = ["go"]
  revision = "5c3871d89910bfb32f5fcab2aa4b9ec68e65a99f"

[[projects]]
  branch = "master"
  name = "github.com/prometheus/common"
  packages = [
    "expfmt",
    "internal/bitbucket.org/ww/goautoneg",
    "model"
  ]
  revision = "7600349dcfe1abd18d72d3a1770870d9800a7801"

[[projects]]
  branch = "master"
  name = "github.com/prometheus/procfs"
  packages = [
    ".",
    "internal/util",
    "nfs",
    "xfs"
  ]
  revision = "05ee40e3a273f7245e8777337fc7b46e533a9a92"

[[projects]]
  branch = "master"
  name = "github.com/rcrowley/go-metrics"
  packages = ["."]
  revision = "e2704e165165ec55d062f5919b4b29494e9fa790"

[[projects]]
  name = "github.com/sirupsen/logrus"
  packages = ["."]
  revision = "3e01752db0189b9157070a0e1668a620f9a85da2"
  version = "v1.0.6"

[[projects]]
  branch = "master"
  name = "golang.org/x/crypto"
  packages = ["ssh/terminal"]
  revision = "c126467f60eb25f8f27e5a981f32a87e3965053f"

[[projects]]
  branch = "master"
  name = "golang.org/x/net"
  packages = [
    "context",
    "http/httpguts",
    "http2",
    "http2/hpack",
    "idna",
    "internal/timeseries",
    "trace"
  ]
  revision = "49c15d80dfbc983ea25246ee959d970efe09ec09"

[[projects]]
  branch = "master"
  name = "golang.org/x/sys"
  packages = [
    "unix",
    "windows"
  ]
  revision = "bd9dbc187b6e1dacfdd2722a87e83093c2d7bd6e"

[[projects]]
  name = "golang.org/x/text"
  packages = [
    "collate",
    "collate/build",
    "internal/colltab",
    "internal/gen",
    "internal/tag",
    "internal/triegen",
    "internal/ucd",
    "language",
    "secure/bidirule",
    "transform",
    "unicode/bidi",
    "unicode/cldr",
    "unicode/norm",
    "unicode/rangetable"
  ]
  revision = "f21a4dfb5e38f5895301dc265a8def02365cc3d0"
  version = "v0.3.0"

[[projects]]
  branch = "master"
  name = "google.golang.org/genproto"
  packages = ["googleapis/rpc/status"]
  revision = "daca94659cb50e9f37c1b834680f2e46358f10b0"

[[projects]]
  name = "google.golang.org/grpc"
  packages = [
    ".",
    "balancer",
    "balancer/base",
    "balancer/roundrobin",
    "codes",
    "connectivity",
    "credentials",
    "encoding",
    "encoding/proto",
    "grpclog",
    "internal",
    "internal/backoff",
    "internal/channelz",
    "internal/grpcrand",
    "keepalive",
    "metadata",
    "naming",
    "peer",
    "resolver",
    "resolver/dns",
    "resolver/passthrough",
    "stats",
    "status",
    "tap",
    "transport"
  ]
  revision = "168a6198bcb0ef175f7dacec0b8691fc141dc9b8"
  version = "v1.13.0"

[[projects]]
  name = "gopkg.in/yaml.v2"
  packages = ["."]
  revision = "5420a8b6744d3b0345ab293f6fcba19c978f1183"
  version = "v2.2.1"

[solve-meta]
  analyzer-name = "dep"
  analyzer-version = 1
  inputs-digest = "9c4d16b2fd2608b9e19b15e7613aeccd1f5319b25abedd24b9774b50f1b497c0"
  solver-name = "gps-cdcl"
  solver-version = 1
